
Microsoft Visual Studio Solution File, Format Version 12.00
# Visual Studio Version 17
VisualStudioVersion = 17.5.002.0
MinimumVisualStudioVersion = 10.0.40219.1
Project("{2150E333-8FDC-42A3-9474-1A3956D46DE8}") = "sandbox", "sandbox", "{21FF0337-31FF-4182-A504-D7DCE62F838E}"
EndProject
Project("{9A19103F-16F7-4668-BE54-9A1E7A4F7556}") = "sandbox_project", "sandbox\sandbox_project\sandbox_project.csproj", "{436957DB-AB1D-45F3-8DB0-AA1EDB5922E4}"
EndProject
Project("{2150E333-8FDC-42A3-9474-1A3956D46DE8}") = "week01", "week01", "{F50774DF-EA9D-47DC-8B96-BC4DA8A66BB0}"
EndProject
Project("{9A19103F-16F7-4668-BE54-9A1E7A4F7556}") = "analyze", "week01\analyze\analyze.csproj", "{B8486A7A-0B07-4919-BD63-8EFA39CB49A8}"
EndProject
Project("{9A19103F-16F7-4668-BE54-9A1E7A4F7556}") = "code", "week01\code\code.csproj", "{6791AB99-9DC7-47DB-BF65-78E939C94FF1}"
EndProject
Project("{9A19103F-16F7-4668-BE54-9A1E7A4F7556}") = "teach", "week01\teach\teach.csproj", "{A608404A-3B56-4F6A-BB62-89121CEB6BE7}"
EndProject
Project("{2150E333-8FDC-42A3-9474-1A3956D46DE8}") = "week02", "week02", "{17DD8560-384B-4DC3-BC17-AFFB7EFAEAA9}"
EndProject
Project("{9A19103F-16F7-4668-BE54-9A1E7A4F7556}") = "analyze", "week02\analyze\analyze.csproj", "{20387AB7-CC80-4A44-985C-7117232678B8}"
EndProject
Project("{9A19103F-16F7-4668-BE54-9A1E7A4F7556}") = "code", "week02\code\code.csproj", "{54FE14D1-599B-432D-8F42-1177E4D2166B}"
EndProject
Project("{9A19103F-16F7-4668-BE54-9A1E7A4F7556}") = "learn", "week02\learn\learn.csproj", "{35E60F2A-E437-4FE6-BF70-9D494E16992D}"
EndProject
Project("{9A19103F-16F7-4668-BE54-9A1E7A4F7556}") = "teach", "week02\teach\teach.csproj", "{B03095A3-901B-4112-A14F-99DC22EB20A0}"
EndProject
Project("{2150E333-8FDC-42A3-9474-1A3956D46DE8}") = "week03", "week03", "{B19C1E20-E43F-43AD-A975-6DEEFA47F595}"
EndProject
Project("{9A19103F-16F7-4668-BE54-9A1E7A4F7556}") = "code", "week03\code\code.csproj", "{3156613A-C26B-4E43-A6E1-6CE8E32CAEA6}"
EndProject
Project("{9A19103F-16F7-4668-BE54-9A1E7A4F7556}") = "learn", "week03\learn\learn.csproj", "{E94E935C-E948-45F1-AA83-46038780790A}"
EndProject
Project("{9A19103F-16F7-4668-BE54-9A1E7A4F7556}") = "teach", "week03\teach\teach.csproj", "{D706D51D-93F1-45E0-B8C1-77AEEE45E61C}"
EndProject
Project("{2150E333-8FDC-42A3-9474-1A3956D46DE8}") = "week04", "week04", "{50773B0E-ABC7-45CB-98F0-B53B1E661E8D}"
EndProject
Project("{9A19103F-16F7-4668-BE54-9A1E7A4F7556}") = "code", "week04\code\code.csproj", "{ADA4842B-5E8A-453F-808B-0E367585852C}"
EndProject
Project("{2150E333-8FDC-42A3-9474-1A3956D46DE8}") = "week05", "week05", "{E2945483-1704-496B-8171-0AC7E98F3B1F}"
EndProject
Project("{9A19103F-16F7-4668-BE54-9A1E7A4F7556}") = "code", "week05\code\code.csproj", "{7673DECF-AB69-4D76-BDF2-20E795B55204}"
EndProject
Project("{2150E333-8FDC-42A3-9474-1A3956D46DE8}") = "week06", "week06", "{9C3000E7-A8E6-4616-A37D-5CC587561866}"
EndProject
Project("{9A19103F-16F7-4668-BE54-9A1E7A4F7556}") = "code", "week06\code\code.csproj", "{1E318F57-0449-4033-AC3C-3AF934E88A4C}"
EndProject
Global
	GlobalSection(SolutionConfigurationPlatforms) = preSolution
		Debug|Any CPU = Debug|Any CPU
		Release|Any CPU = Release|Any CPU
	EndGlobalSection
	GlobalSection(ProjectConfigurationPlatforms) = postSolution
		{436957DB-AB1D-45F3-8DB0-AA1EDB5922E4}.Debug|Any CPU.ActiveCfg = Debug|Any CPU
		{436957DB-AB1D-45F3-8DB0-AA1EDB5922E4}.Debug|Any CPU.Build.0 = Debug|Any CPU
		{436957DB-AB1D-45F3-8DB0-AA1EDB5922E4}.Release|Any CPU.ActiveCfg = Release|Any CPU
		{436957DB-AB1D-45F3-8DB0-AA1EDB5922E4}.Release|Any CPU.Build.0 = Release|Any CPU
		{B8486A7A-0B07-4919-BD63-8EFA39CB49A8}.Debug|Any CPU.ActiveCfg = Debug|Any CPU
		{B8486A7A-0B07-4919-BD63-8EFA39CB49A8}.Debug|Any CPU.Build.0 = Debug|Any CPU
		{B8486A7A-0B07-4919-BD63-8EFA39CB49A8}.Release|Any CPU.ActiveCfg = Release|Any CPU
		{B8486A7A-0B07-4919-BD63-8EFA39CB49A8}.Release|Any CPU.Build.0 = Release|Any CPU
		{6791AB99-9DC7-47DB-BF65-78E939C94FF1}.Debug|Any CPU.ActiveCfg = Debug|Any CPU
		{6791AB99-9DC7-47DB-BF65-78E939C94FF1}.Debug|Any CPU.Build.0 = Debug|Any CPU
		{6791AB99-9DC7-47DB-BF65-78E939C94FF1}.Release|Any CPU.ActiveCfg = Release|Any CPU
		{6791AB99-9DC7-47DB-BF65-78E939C94FF1}.Release|Any CPU.Build.0 = Release|Any CPU
		{A608404A-3B56-4F6A-BB62-89121CEB6BE7}.Debug|Any CPU.ActiveCfg = Debug|Any CPU
		{A608404A-3B56-4F6A-BB62-89121CEB6BE7}.Debug|Any CPU.Build.0 = Debug|Any CPU
		{A608404A-3B56-4F6A-BB62-89121CEB6BE7}.Release|Any CPU.ActiveCfg = Release|Any CPU
		{A608404A-3B56-4F6A-BB62-89121CEB6BE7}.Release|Any CPU.Build.0 = Release|Any CPU
		{20387AB7-CC80-4A44-985C-7117232678B8}.Debug|Any CPU.ActiveCfg = Debug|Any CPU
		{20387AB7-CC80-4A44-985C-7117232678B8}.Debug|Any CPU.Build.0 = Debug|Any CPU
		{20387AB7-CC80-4A44-985C-7117232678B8}.Release|Any CPU.ActiveCfg = Release|Any CPU
		{20387AB7-CC80-4A44-985C-7117232678B8}.Release|Any CPU.Build.0 = Release|Any CPU
		{54FE14D1-599B-432D-8F42-1177E4D2166B}.Debug|Any CPU.ActiveCfg = Debug|Any CPU
		{54FE14D1-599B-432D-8F42-1177E4D2166B}.Debug|Any CPU.Build.0 = Debug|Any CPU
		{54FE14D1-599B-432D-8F42-1177E4D2166B}.Release|Any CPU.ActiveCfg = Release|Any CPU
		{54FE14D1-599B-432D-8F42-1177E4D2166B}.Release|Any CPU.Build.0 = Release|Any CPU
		{35E60F2A-E437-4FE6-BF70-9D494E16992D}.Debug|Any CPU.ActiveCfg = Debug|Any CPU
		{35E60F2A-E437-4FE6-BF70-9D494E16992D}.Debug|Any CPU.Build.0 = Debug|Any CPU
		{35E60F2A-E437-4FE6-BF70-9D494E16992D}.Release|Any CPU.ActiveCfg = Release|Any CPU
		{35E60F2A-E437-4FE6-BF70-9D494E16992D}.Release|Any CPU.Build.0 = Release|Any CPU
		{B03095A3-901B-4112-A14F-99DC22EB20A0}.Debug|Any CPU.ActiveCfg = Debug|Any CPU
		{B03095A3-901B-4112-A14F-99DC22EB20A0}.Debug|Any CPU.Build.0 = Debug|Any CPU
		{B03095A3-901B-4112-A14F-99DC22EB20A0}.Release|Any CPU.ActiveCfg = Release|Any CPU
		{B03095A3-901B-4112-A14F-99DC22EB20A0}.Release|Any CPU.Build.0 = Release|Any CPU
		{3156613A-C26B-4E43-A6E1-6CE8E32CAEA6}.Debug|Any CPU.ActiveCfg = Debug|Any CPU
		{3156613A-C26B-4E43-A6E1-6CE8E32CAEA6}.Debug|Any CPU.Build.0 = Debug|Any CPU
		{3156613A-C26B-4E43-A6E1-6CE8E32CAEA6}.Release|Any CPU.ActiveCfg = Release|Any CPU
		{3156613A-C26B-4E43-A6E1-6CE8E32CAEA6}.Release|Any CPU.Build.0 = Release|Any CPU
		{E94E935C-E948-45F1-AA83-46038780790A}.Debug|Any CPU.ActiveCfg = Debug|Any CPU
		{E94E935C-E948-45F1-AA83-46038780790A}.Debug|Any CPU.Build.0 = Debug|Any CPU
		{E94E935C-E948-45F1-AA83-46038780790A}.Release|Any CPU.ActiveCfg = Release|Any CPU
		{E94E935C-E948-45F1-AA83-46038780790A}.Release|Any CPU.Build.0 = Release|Any CPU
		{D706D51D-93F1-45E0-B8C1-77AEEE45E61C}.Debug|Any CPU.ActiveCfg = Debug|Any CPU
		{D706D51D-93F1-45E0-B8C1-77AEEE45E61C}.Debug|Any CPU.Build.0 = Debug|Any CPU
		{D706D51D-93F1-45E0-B8C1-77AEEE45E61C}.Release|Any CPU.ActiveCfg = Release|Any CPU
		{D706D51D-93F1-45E0-B8C1-77AEEE45E61C}.Release|Any CPU.Build.0 = Release|Any CPU
		{ADA4842B-5E8A-453F-808B-0E367585852C}.Debug|Any CPU.ActiveCfg = Debug|Any CPU
		{ADA4842B-5E8A-453F-808B-0E367585852C}.Debug|Any CPU.Build.0 = Debug|Any CPU
		{ADA4842B-5E8A-453F-808B-0E367585852C}.Release|Any CPU.ActiveCfg = Release|Any CPU
		{ADA4842B-5E8A-453F-808B-0E367585852C}.Release|Any CPU.Build.0 = Release|Any CPU
		{7673DECF-AB69-4D76-BDF2-20E795B55204}.Debug|Any CPU.ActiveCfg = Debug|Any CPU
		{7673DECF-AB69-4D76-BDF2-20E795B55204}.Debug|Any CPU.Build.0 = Debug|Any CPU
		{7673DECF-AB69-4D76-BDF2-20E795B55204}.Release|Any CPU.ActiveCfg = Release|Any CPU
		{7673DECF-AB69-4D76-BDF2-20E795B55204}.Release|Any CPU.Build.0 = Release|Any CPU
		{1E318F57-0449-4033-AC3C-3AF934E88A4C}.Debug|Any CPU.ActiveCfg = Debug|Any CPU
		{1E318F57-0449-4033-AC3C-3AF934E88A4C}.Debug|Any CPU.Build.0 = Debug|Any CPU
		{1E318F57-0449-4033-AC3C-3AF934E88A4C}.Release|Any CPU.ActiveCfg = Release|Any CPU
		{1E318F57-0449-4033-AC3C-3AF934E88A4C}.Release|Any CPU.Build.0 = Release|Any CPU
	EndGlobalSection
	GlobalSection(SolutionProperties) = preSolution
		HideSolutionNode = FALSE
	EndGlobalSection
	GlobalSection(NestedProjects) = preSolution
		{436957DB-AB1D-45F3-8DB0-AA1EDB5922E4} = {21FF0337-31FF-4182-A504-D7DCE62F838E}
		{B8486A7A-0B07-4919-BD63-8EFA39CB49A8} = {F50774DF-EA9D-47DC-8B96-BC4DA8A66BB0}
		{6791AB99-9DC7-47DB-BF65-78E939C94FF1} = {F50774DF-EA9D-47DC-8B96-BC4DA8A66BB0}
		{A608404A-3B56-4F6A-BB62-89121CEB6BE7} = {F50774DF-EA9D-47DC-8B96-BC4DA8A66BB0}
		{20387AB7-CC80-4A44-985C-7117232678B8} = {17DD8560-384B-4DC3-BC17-AFFB7EFAEAA9}
		{54FE14D1-599B-432D-8F42-1177E4D2166B} = {17DD8560-384B-4DC3-BC17-AFFB7EFAEAA9}
		{35E60F2A-E437-4FE6-BF70-9D494E16992D} = {17DD8560-384B-4DC3-BC17-AFFB7EFAEAA9}
		{B03095A3-901B-4112-A14F-99DC22EB20A0} = {17DD8560-384B-4DC3-BC17-AFFB7EFAEAA9}
		{3156613A-C26B-4E43-A6E1-6CE8E32CAEA6} = {B19C1E20-E43F-43AD-A975-6DEEFA47F595}
		{E94E935C-E948-45F1-AA83-46038780790A} = {B19C1E20-E43F-43AD-A975-6DEEFA47F595}
		{D706D51D-93F1-45E0-B8C1-77AEEE45E61C} = {B19C1E20-E43F-43AD-A975-6DEEFA47F595}
		{ADA4842B-5E8A-453F-808B-0E367585852C} = {50773B0E-ABC7-45CB-98F0-B53B1E661E8D}
		{7673DECF-AB69-4D76-BDF2-20E795B55204} = {E2945483-1704-496B-8171-0AC7E98F3B1F}
		{1E318F57-0449-4033-AC3C-3AF934E88A4C} = {9C3000E7-A8E6-4616-A37D-5CC587561866}
	EndGlobalSection
	GlobalSection(ExtensibilityGlobals) = postSolution
		SolutionGuid = {29996C4B-0CD5-4D56-BD28-1D691E05645A}
	EndGlobalSection
EndGlobal
